
Microsoft Visual Studio Solution File, Format Version 12.00
# Visual Studio 15
VisualStudioVersion = 15.0.27703.2035
MinimumVisualStudioVersion = 10.0.40219.1
Project("{9A19103F-16F7-4668-BE54-9A1E7A4F7556}") = "CareerWebsite", "CareerWebsite\CareerWebsite.csproj", "{5C54BD56-65EF-436F-B849-F8A3AC13055D}"
EndProject
Project("{FAE04EC0-301F-11D3-BF4B-00C04F79EFBC}") = "CareerWebsite.Tests", "CareerWebsite.Tests\CareerWebsite.Tests.csproj", "{4756326E-8376-4270-936D-E7303AA2B3AC}"
EndProject
Global
	GlobalSection(SolutionConfigurationPlatforms) = preSolution
		Debug|Any CPU = Debug|Any CPU
		Release|Any CPU = Release|Any CPU
	EndGlobalSection
	GlobalSection(ProjectConfigurationPlatforms) = postSolution
		{5C54BD56-65EF-436F-B849-F8A3AC13055D}.Debug|Any CPU.ActiveCfg = Debug|Any CPU
		{5C54BD56-65EF-436F-B849-F8A3AC13055D}.Debug|Any CPU.Build.0 = Debug|Any CPU
		{5C54BD56-65EF-436F-B849-F8A3AC13055D}.Release|Any CPU.ActiveCfg = Release|Any CPU
		{5C54BD56-65EF-436F-B849-F8A3AC13055D}.Release|Any CPU.Build.0 = Release|Any CPU
		{4756326E-8376-4270-936D-E7303AA2B3AC}.Debug|Any CPU.ActiveCfg = Debug|Any CPU
		{4756326E-8376-4270-936D-E7303AA2B3AC}.Debug|Any CPU.Build.0 = Debug|Any CPU
		{4756326E-8376-4270-936D-E7303AA2B3AC}.Release|Any CPU.ActiveCfg = Release|Any CPU
		{4756326E-8376-4270-936D-E7303AA2B3AC}.Release|Any CPU.Build.0 = Release|Any CPU
	EndGlobalSection
	GlobalSection(SolutionProperties) = preSolution
		HideSolutionNode = FALSE
	EndGlobalSection
	GlobalSection(ExtensibilityGlobals) = postSolution
		SolutionGuid = {6CD76D6B-7B6C-4EEA-B33F-750F799649E3}
	EndGlobalSection
	GlobalSection(TeamFoundationVersionControl) = preSolution
		SccNumberOfProjects = 3
		SccEnterpriseProvider = {4CA58AB2-18FA-4F8D-95D4-32DDF27D184C}
		SccTeamFoundationServer = https://jasonmorandcompsci.visualstudio.com/
		SccLocalPath0 = .
		SccProjectUniqueName1 = CareerWebsite\\CareerWebsite.csproj
		SccProjectName1 = CareerWebsite
		SccLocalPath1 = CareerWebsite
		SccProjectUniqueName2 = CareerWebsite.Tests\\CareerWebsite.Tests.csproj
		SccProjectName2 = CareerWebsite.Tests
		SccLocalPath2 = CareerWebsite.Tests
	EndGlobalSection
EndGlobal
